
Microsoft Visual Studio Solution File, Format Version 12.00
# Visual Studio Version 16
VisualStudioVersion = 16.0.33130.400
MinimumVisualStudioVersion = 10.0.40219.1
Project("{FAE04EC0-301F-11D3-BF4B-00C04F79EFBC}") = "ProjectYear", "ProjectYear\ProjectYear.csproj", "{635E7999-4CBF-452D-BA34-B1EBFF85A84E}"
EndProject
Global
	GlobalSection(SolutionConfigurationPlatforms) = preSolution
		Debug|Any CPU = Debug|Any CPU
		Release|Any CPU = Release|Any CPU
	EndGlobalSection
	GlobalSection(ProjectConfigurationPlatforms) = postSolution
		{635E7999-4CBF-452D-BA34-B1EBFF85A84E}.Debug|Any CPU.ActiveCfg = Debug|Any CPU
		{635E7999-4CBF-452D-BA34-B1EBFF85A84E}.Debug|Any CPU.Build.0 = Debug|Any CPU
		{635E7999-4CBF-452D-BA34-B1EBFF85A84E}.Release|Any CPU.ActiveCfg = Release|Any CPU
		{635E7999-4CBF-452D-BA34-B1EBFF85A84E}.Release|Any CPU.Build.0 = Release|Any CPU
	EndGlobalSection
	GlobalSection(SolutionProperties) = preSolution
		HideSolutionNode = FALSE
	EndGlobalSection
	GlobalSection(ExtensibilityGlobals) = postSolution
		SolutionGuid = {41EA0674-8406-4AA6-BF13-79431279C3D3}
	EndGlobalSection
EndGlobal
